// !$*UTF8*$!
{
	archiveVersion = 1;
	classes = {
	};
	objectVersion = 46;
	objects = {

/* Begin PBXBuildFile section */
		4F278A5AE22F28E4E873408A /* Pods_BLEController.framework in Frameworks */ = {isa = PBXBuildFile; fileRef = F2CF6F21BF3C07823880B34F /* Pods_BLEController.framework */; };
		77E2A8AB68C6D115B7ABB4AA /* Pods_BLEControllerTests.framework in Frameworks */ = {isa = PBXBuildFile; fileRef = C2F32DAB3E6A62E098B11EB7 /* Pods_BLEControllerTests.framework */; };
		B004D0321F5C2E9F007BBBDE /* TestViewController.swift in Sources */ = {isa = PBXBuildFile; fileRef = B004D0311F5C2E9F007BBBDE /* TestViewController.swift */; };
		B004D0381F5C4189007BBBDE /* test.storyboard_ in Resources */ = {isa = PBXBuildFile; fileRef = B004D0371F5C4189007BBBDE /* test.storyboard_ */; };
		B0246BFF1F5CC68C0083BED9 /* test.storyboard__ in Resources */ = {isa = PBXBuildFile; fileRef = B0246BFE1F5CC68C0083BED9 /* test.storyboard__ */; };
		B03FE7C01F5340FC003BD332 /* String+HexConverter.swift in Sources */ = {isa = PBXBuildFile; fileRef = B03FE7BF1F5340FC003BD332 /* String+HexConverter.swift */; };
		B03FE7C21F534275003BD332 /* Data+HexJoin.swift in Sources */ = {isa = PBXBuildFile; fileRef = B03FE7C11F534275003BD332 /* Data+HexJoin.swift */; };
		B03FE7C41F56F194003BD332 /* Main.storyboard_ in Resources */ = {isa = PBXBuildFile; fileRef = B03FE7C31F56F194003BD332 /* Main.storyboard_ */; };
		B03FE7C61F56F4C0003BD332 /* test_Main_ipad.storyboard in Resources */ = {isa = PBXBuildFile; fileRef = B03FE7C51F56F4C0003BD332 /* test_Main_ipad.storyboard */; };
		B03FE7C81F57009E003BD332 /* HomeViewController.swift in Sources */ = {isa = PBXBuildFile; fileRef = B03FE7C71F57009E003BD332 /* HomeViewController.swift */; };
		B03FE7CA1F5700DD003BD332 /* ActivityViewController.swift in Sources */ = {isa = PBXBuildFile; fileRef = B03FE7C91F5700DD003BD332 /* ActivityViewController.swift */; };
		B03FE7CC1F5700FE003BD332 /* ProfileViewController.swift in Sources */ = {isa = PBXBuildFile; fileRef = B03FE7CB1F5700FE003BD332 /* ProfileViewController.swift */; };
		B0B462811F58437E00776554 /* CoreData.framework in Frameworks */ = {isa = PBXBuildFile; fileRef = B0B462801F58437E00776554 /* CoreData.framework */; };
		B0B462831F5845AD00776554 /* StepsInfo.swift in Sources */ = {isa = PBXBuildFile; fileRef = B0B462821F5845AD00776554 /* StepsInfo.swift */; };
		B0B462851F5845DF00776554 /* DeviceInfo.swift in Sources */ = {isa = PBXBuildFile; fileRef = B0B462841F5845DF00776554 /* DeviceInfo.swift */; };
		B0B462871F584DAB00776554 /* BatteryInfo.swift in Sources */ = {isa = PBXBuildFile; fileRef = B0B462861F584DAB00776554 /* BatteryInfo.swift */; };
		B0B462891F584DDA00776554 /* HeartRate.swift in Sources */ = {isa = PBXBuildFile; fileRef = B0B462881F584DDA00776554 /* HeartRate.swift */; };
		B0B4628B1F584E0300776554 /* Ultilities.swift in Sources */ = {isa = PBXBuildFile; fileRef = B0B4628A1F584E0300776554 /* Ultilities.swift */; };
		B0E0E1F41F579D7800D24996 /* Activity.xcdatamodeld in Sources */ = {isa = PBXBuildFile; fileRef = B0E0E1F21F579D7800D24996 /* Activity.xcdatamodeld */; };
		B0EC9FB91F4E815300237326 /* AppDelegate.swift in Sources */ = {isa = PBXBuildFile; fileRef = B0EC9FB81F4E815300237326 /* AppDelegate.swift */; };
		B0EC9FBB1F4E815300237326 /* ViewController.swift in Sources */ = {isa = PBXBuildFile; fileRef = B0EC9FBA1F4E815300237326 /* ViewController.swift */; };
		B0EC9FBE1F4E815300237326 /* Main.storyboard_ in Resources */ = {isa = PBXBuildFile; fileRef = B0EC9FBC1F4E815300237326 /* Main.storyboard_ */; };
		B0EC9FC01F4E815300237326 /* Assets.xcassets in Resources */ = {isa = PBXBuildFile; fileRef = B0EC9FBF1F4E815300237326 /* Assets.xcassets */; };
		B0EC9FC31F4E815300237326 /* LaunchScreen.storyboard in Resources */ = {isa = PBXBuildFile; fileRef = B0EC9FC11F4E815300237326 /* LaunchScreen.storyboard */; };
		B0EC9FCE1F4E815300237326 /* BLEControllerTests.swift in Sources */ = {isa = PBXBuildFile; fileRef = B0EC9FCD1F4E815300237326 /* BLEControllerTests.swift */; };
		B0EC9FD91F4E815300237326 /* BLEControllerUITests.swift in Sources */ = {isa = PBXBuildFile; fileRef = B0EC9FD81F4E815300237326 /* BLEControllerUITests.swift */; };
		B0F54DEB1F5D029E0068241A /* Main.storyboard in Resources */ = {isa = PBXBuildFile; fileRef = B0F54DEA1F5D029E0068241A /* Main.storyboard */; };
		B861C4F89CF1E461068E9998 /* Pods_BLEControllerUITests.framework in Frameworks */ = {isa = PBXBuildFile; fileRef = 28F3288D65F7F9CEFBC7AA31 /* Pods_BLEControllerUITests.framework */; };
/* End PBXBuildFile section */

/* Begin PBXContainerItemProxy section */
		B0EC9FCA1F4E815300237326 /* PBXContainerItemProxy */ = {
			isa = PBXContainerItemProxy;
			containerPortal = B0EC9FAD1F4E815300237326 /* Project object */;
			proxyType = 1;
			remoteGlobalIDString = B0EC9FB41F4E815300237326;
			remoteInfo = BLEController;
		};
		B0EC9FD51F4E815300237326 /* PBXContainerItemProxy */ = {
			isa = PBXContainerItemProxy;
			containerPortal = B0EC9FAD1F4E815300237326 /* Project object */;
			proxyType = 1;
			remoteGlobalIDString = B0EC9FB41F4E815300237326;
			remoteInfo = BLEController;
		};
/* End PBXContainerItemProxy section */

/* Begin PBXFileReference section */
		0EF1E82A78B77BBAAF50898C /* Pods-BLEControllerTests.release.xcconfig */ = {isa = PBXFileReference; includeInIndex = 1; lastKnownFileType = text.xcconfig; name = "Pods-BLEControllerTests.release.xcconfig"; path = "Pods/Target Support Files/Pods-BLEControllerTests/Pods-BLEControllerTests.release.xcconfig"; sourceTree = "<group>"; };
		282DDDB9876DF78930200CDA /* Pods-BLEController.debug.xcconfig */ = {isa = PBXFileReference; includeInIndex = 1; lastKnownFileType = text.xcconfig; name = "Pods-BLEController.debug.xcconfig"; path = "Pods/Target Support Files/Pods-BLEController/Pods-BLEController.debug.xcconfig"; sourceTree = "<group>"; };
		28F3288D65F7F9CEFBC7AA31 /* Pods_BLEControllerUITests.framework */ = {isa = PBXFileReference; explicitFileType = wrapper.framework; includeInIndex = 0; path = Pods_BLEControllerUITests.framework; sourceTree = BUILT_PRODUCTS_DIR; };
		423325CA1D482B90B02DC458 /* Pods-BLEControllerUITests.debug.xcconfig */ = {isa = PBXFileReference; includeInIndex = 1; lastKnownFileType = text.xcconfig; name = "Pods-BLEControllerUITests.debug.xcconfig"; path = "Pods/Target Support Files/Pods-BLEControllerUITests/Pods-BLEControllerUITests.debug.xcconfig"; sourceTree = "<group>"; };
		507FC46CEB49A3E499409D4E /* Pods-BLEController.release.xcconfig */ = {isa = PBXFileReference; includeInIndex = 1; lastKnownFileType = text.xcconfig; name = "Pods-BLEController.release.xcconfig"; path = "Pods/Target Support Files/Pods-BLEController/Pods-BLEController.release.xcconfig"; sourceTree = "<group>"; };
		B004D0311F5C2E9F007BBBDE /* TestViewController.swift */ = {isa = PBXFileReference; fileEncoding = 4; lastKnownFileType = sourcecode.swift; name = TestViewController.swift; path = BLEController/TestViewController.swift; sourceTree = "<group>"; };
		B004D0371F5C4189007BBBDE /* test.storyboard_ */ = {isa = PBXFileReference; fileEncoding = 4; lastKnownFileType = text.xml; path = test.storyboard_; sourceTree = "<group>"; };
		B0246BFE1F5CC68C0083BED9 /* test.storyboard__ */ = {isa = PBXFileReference; lastKnownFileType = text.xml; path = test.storyboard__; sourceTree = "<group>"; };
		B03D8D8BE5680E4166DA1188 /* Pods-BLEControllerTests.debug.xcconfig */ = {isa = PBXFileReference; includeInIndex = 1; lastKnownFileType = text.xcconfig; name = "Pods-BLEControllerTests.debug.xcconfig"; path = "Pods/Target Support Files/Pods-BLEControllerTests/Pods-BLEControllerTests.debug.xcconfig"; sourceTree = "<group>"; };
		B03FE7BF1F5340FC003BD332 /* String+HexConverter.swift */ = {isa = PBXFileReference; fileEncoding = 4; lastKnownFileType = sourcecode.swift; name = "String+HexConverter.swift"; path = "Extensions/String+HexConverter.swift"; sourceTree = "<group>"; };
		B03FE7C11F534275003BD332 /* Data+HexJoin.swift */ = {isa = PBXFileReference; fileEncoding = 4; lastKnownFileType = sourcecode.swift; name = "Data+HexJoin.swift"; path = "Extensions/Data+HexJoin.swift"; sourceTree = "<group>"; };
		B03FE7C31F56F194003BD332 /* Main.storyboard_ */ = {isa = PBXFileReference; fileEncoding = 4; lastKnownFileType = text.xml; path = Main.storyboard_; sourceTree = "<group>"; };
		B03FE7C51F56F4C0003BD332 /* test_Main_ipad.storyboard */ = {isa = PBXFileReference; fileEncoding = 4; lastKnownFileType = file.storyboard; name = test_Main_ipad.storyboard; path = BLEController/test_Main_ipad.storyboard; sourceTree = "<group>"; };
		B03FE7C71F57009E003BD332 /* HomeViewController.swift */ = {isa = PBXFileReference; fileEncoding = 4; lastKnownFileType = sourcecode.swift; path = HomeViewController.swift; sourceTree = "<group>"; };
		B03FE7C91F5700DD003BD332 /* ActivityViewController.swift */ = {isa = PBXFileReference; fileEncoding = 4; lastKnownFileType = sourcecode.swift; path = ActivityViewController.swift; sourceTree = "<group>"; };
		B03FE7CB1F5700FE003BD332 /* ProfileViewController.swift */ = {isa = PBXFileReference; fileEncoding = 4; lastKnownFileType = sourcecode.swift; path = ProfileViewController.swift; sourceTree = "<group>"; };
		B0B462801F58437E00776554 /* CoreData.framework */ = {isa = PBXFileReference; lastKnownFileType = wrapper.framework; name = CoreData.framework; path = System/Library/Frameworks/CoreData.framework; sourceTree = SDKROOT; };
		B0B462821F5845AD00776554 /* StepsInfo.swift */ = {isa = PBXFileReference; fileEncoding = 4; lastKnownFileType = sourcecode.swift; name = StepsInfo.swift; path = BLEController/StepsInfo.swift; sourceTree = "<group>"; };
		B0B462841F5845DF00776554 /* DeviceInfo.swift */ = {isa = PBXFileReference; fileEncoding = 4; lastKnownFileType = sourcecode.swift; name = DeviceInfo.swift; path = BLEController/DeviceInfo.swift; sourceTree = "<group>"; };
		B0B462861F584DAB00776554 /* BatteryInfo.swift */ = {isa = PBXFileReference; fileEncoding = 4; lastKnownFileType = sourcecode.swift; name = BatteryInfo.swift; path = BLEController/BatteryInfo.swift; sourceTree = "<group>"; };
		B0B462881F584DDA00776554 /* HeartRate.swift */ = {isa = PBXFileReference; fileEncoding = 4; lastKnownFileType = sourcecode.swift; name = HeartRate.swift; path = BLEController/HeartRate.swift; sourceTree = "<group>"; };
		B0B4628A1F584E0300776554 /* Ultilities.swift */ = {isa = PBXFileReference; fileEncoding = 4; lastKnownFileType = sourcecode.swift; name = Ultilities.swift; path = BLEController/Ultilities.swift; sourceTree = "<group>"; };
		B0E0E1F31F579D7800D24996 /* Activity.xcdatamodel */ = {isa = PBXFileReference; lastKnownFileType = wrapper.xcdatamodel; path = Activity.xcdatamodel; sourceTree = "<group>"; };
		B0EC9FB51F4E815300237326 /* BLEController.app */ = {isa = PBXFileReference; explicitFileType = wrapper.application; includeInIndex = 0; path = BLEController.app; sourceTree = BUILT_PRODUCTS_DIR; };
		B0EC9FB81F4E815300237326 /* AppDelegate.swift */ = {isa = PBXFileReference; lastKnownFileType = sourcecode.swift; path = AppDelegate.swift; sourceTree = "<group>"; };
		B0EC9FBA1F4E815300237326 /* ViewController.swift */ = {isa = PBXFileReference; lastKnownFileType = sourcecode.swift; path = ViewController.swift; sourceTree = "<group>"; };
		B0EC9FBD1F4E815300237326 /* Base */ = {isa = PBXFileReference; lastKnownFileType = text.xml; name = Base; path = Base.lproj/Main.storyboard_; sourceTree = "<group>"; };
		B0EC9FBF1F4E815300237326 /* Assets.xcassets */ = {isa = PBXFileReference; lastKnownFileType = folder.assetcatalog; path = Assets.xcassets; sourceTree = "<group>"; };
		B0EC9FC21F4E815300237326 /* Base */ = {isa = PBXFileReference; lastKnownFileType = file.storyboard; name = Base; path = Base.lproj/LaunchScreen.storyboard; sourceTree = "<group>"; };
		B0EC9FC41F4E815300237326 /* Info.plist */ = {isa = PBXFileReference; lastKnownFileType = text.plist.xml; path = Info.plist; sourceTree = "<group>"; };
		B0EC9FC91F4E815300237326 /* BLEControllerTests.xctest */ = {isa = PBXFileReference; explicitFileType = wrapper.cfbundle; includeInIndex = 0; path = BLEControllerTests.xctest; sourceTree = BUILT_PRODUCTS_DIR; };
		B0EC9FCD1F4E815300237326 /* BLEControllerTests.swift */ = {isa = PBXFileReference; lastKnownFileType = sourcecode.swift; path = BLEControllerTests.swift; sourceTree = "<group>"; };
		B0EC9FCF1F4E815300237326 /* Info.plist */ = {isa = PBXFileReference; lastKnownFileType = text.plist.xml; path = Info.plist; sourceTree = "<group>"; };
		B0EC9FD41F4E815300237326 /* BLEControllerUITests.xctest */ = {isa = PBXFileReference; explicitFileType = wrapper.cfbundle; includeInIndex = 0; path = BLEControllerUITests.xctest; sourceTree = BUILT_PRODUCTS_DIR; };
		B0EC9FD81F4E815300237326 /* BLEControllerUITests.swift */ = {isa = PBXFileReference; lastKnownFileType = sourcecode.swift; path = BLEControllerUITests.swift; sourceTree = "<group>"; };
		B0EC9FDA1F4E815300237326 /* Info.plist */ = {isa = PBXFileReference; lastKnownFileType = text.plist.xml; path = Info.plist; sourceTree = "<group>"; };
		B0F54DEA1F5D029E0068241A /* Main.storyboard */ = {isa = PBXFileReference; fileEncoding = 4; lastKnownFileType = file.storyboard; path = Main.storyboard; sourceTree = "<group>"; };
		C2F32DAB3E6A62E098B11EB7 /* Pods_BLEControllerTests.framework */ = {isa = PBXFileReference; explicitFileType = wrapper.framework; includeInIndex = 0; path = Pods_BLEControllerTests.framework; sourceTree = BUILT_PRODUCTS_DIR; };
		EF5E74A3D612130D6340A0B1 /* Pods-BLEControllerUITests.release.xcconfig */ = {isa = PBXFileReference; includeInIndex = 1; lastKnownFileType = text.xcconfig; name = "Pods-BLEControllerUITests.release.xcconfig"; path = "Pods/Target Support Files/Pods-BLEControllerUITests/Pods-BLEControllerUITests.release.xcconfig"; sourceTree = "<group>"; };
		F2CF6F21BF3C07823880B34F /* Pods_BLEController.framework */ = {isa = PBXFileReference; explicitFileType = wrapper.framework; includeInIndex = 0; path = Pods_BLEController.framework; sourceTree = BUILT_PRODUCTS_DIR; };
/* End PBXFileReference section */

/* Begin PBXFrameworksBuildPhase section */
		B0EC9FB21F4E815300237326 /* Frameworks */ = {
			isa = PBXFrameworksBuildPhase;
			buildActionMask = 2147483647;
			files = (
				B0B462811F58437E00776554 /* CoreData.framework in Frameworks */,
				4F278A5AE22F28E4E873408A /* Pods_BLEController.framework in Frameworks */,
			);
			runOnlyForDeploymentPostprocessing = 0;
		};
		B0EC9FC61F4E815300237326 /* Frameworks */ = {
			isa = PBXFrameworksBuildPhase;
			buildActionMask = 2147483647;
			files = (
				77E2A8AB68C6D115B7ABB4AA /* Pods_BLEControllerTests.framework in Frameworks */,
			);
			runOnlyForDeploymentPostprocessing = 0;
		};
		B0EC9FD11F4E815300237326 /* Frameworks */ = {
			isa = PBXFrameworksBuildPhase;
			buildActionMask = 2147483647;
			files = (
				B861C4F89CF1E461068E9998 /* Pods_BLEControllerUITests.framework in Frameworks */,
			);
			runOnlyForDeploymentPostprocessing = 0;
		};
/* End PBXFrameworksBuildPhase section */

/* Begin PBXGroup section */
		B004D0331F5C305C007BBBDE /* DumpTest */ = {
			isa = PBXGroup;
			children = (
				B03FE7C51F56F4C0003BD332 /* test_Main_ipad.storyboard */,
				B004D0311F5C2E9F007BBBDE /* TestViewController.swift */,
				B004D0371F5C4189007BBBDE /* test.storyboard_ */,
				B0246BFE1F5CC68C0083BED9 /* test.storyboard__ */,
			);
			name = DumpTest;
			path = ..;
			sourceTree = "<group>";
		};
		B004D0341F5C308E007BBBDE /* Model */ = {
			isa = PBXGroup;
			children = (
				B0B462821F5845AD00776554 /* StepsInfo.swift */,
				B0B462841F5845DF00776554 /* DeviceInfo.swift */,
				B0B462861F584DAB00776554 /* BatteryInfo.swift */,
				B0B462881F584DDA00776554 /* HeartRate.swift */,
			);
			name = Model;
			path = ..;
			sourceTree = "<group>";
		};
		B004D0351F5C30B3007BBBDE /* Ultis */ = {
			isa = PBXGroup;
			children = (
				B0B4628A1F584E0300776554 /* Ultilities.swift */,
			);
			name = Ultis;
			path = ..;
			sourceTree = "<group>";
		};
		B004D0361F5C30CB007BBBDE /* Data */ = {
			isa = PBXGroup;
			children = (
				B0E0E1F21F579D7800D24996 /* Activity.xcdatamodeld */,
			);
			name = Data;
			path = ..;
			sourceTree = "<group>";
		};
		B03FE7BE1F5340CE003BD332 /* Extensions */ = {
			isa = PBXGroup;
			children = (
				B03FE7BF1F5340FC003BD332 /* String+HexConverter.swift */,
				B03FE7C11F534275003BD332 /* Data+HexJoin.swift */,
			);
			name = Extensions;
			path = ..;
			sourceTree = "<group>";
		};
		B0B4627F1F58437E00776554 /* Frameworks */ = {
			isa = PBXGroup;
			children = (
				B0B462801F58437E00776554 /* CoreData.framework */,
				F2CF6F21BF3C07823880B34F /* Pods_BLEController.framework */,
				C2F32DAB3E6A62E098B11EB7 /* Pods_BLEControllerTests.framework */,
				28F3288D65F7F9CEFBC7AA31 /* Pods_BLEControllerUITests.framework */,
			);
			name = Frameworks;
			sourceTree = "<group>";
		};
		B0EC9FAC1F4E815300237326 = {
			isa = PBXGroup;
			children = (
				B0EC9FB71F4E815300237326 /* BLEController */,
				B0EC9FCC1F4E815300237326 /* BLEControllerTests */,
				B0EC9FD71F4E815300237326 /* BLEControllerUITests */,
				B0EC9FB61F4E815300237326 /* Products */,
				B0B4627F1F58437E00776554 /* Frameworks */,
				B33325E248F69F72DAF1C501 /* Pods */,
			);
			sourceTree = "<group>";
		};
		B0EC9FB61F4E815300237326 /* Products */ = {
			isa = PBXGroup;
			children = (
				B0EC9FB51F4E815300237326 /* BLEController.app */,
				B0EC9FC91F4E815300237326 /* BLEControllerTests.xctest */,
				B0EC9FD41F4E815300237326 /* BLEControllerUITests.xctest */,
			);
			name = Products;
			sourceTree = "<group>";
		};
		B0EC9FB71F4E815300237326 /* BLEController */ = {
			isa = PBXGroup;
			children = (
				B0F54DED1F5D054B0068241A /* Views */,
				B0F54DEC1F5D05300068241A /* Controllers */,
				B0EC9FB81F4E815300237326 /* AppDelegate.swift */,
				B0F54DEA1F5D029E0068241A /* Main.storyboard */,
				B0EC9FBC1F4E815300237326 /* Main.storyboard_ */,
				B0EC9FBF1F4E815300237326 /* Assets.xcassets */,
				B0EC9FC11F4E815300237326 /* LaunchScreen.storyboard */,
				B0EC9FC41F4E815300237326 /* Info.plist */,
				B03FE7C31F56F194003BD332 /* Main.storyboard_ */,
				B004D0361F5C30CB007BBBDE /* Data */,
				B03FE7BE1F5340CE003BD332 /* Extensions */,
				B004D0351F5C30B3007BBBDE /* Ultis */,
				B004D0341F5C308E007BBBDE /* Model */,
				B004D0331F5C305C007BBBDE /* DumpTest */,
			);
			path = BLEController;
			sourceTree = "<group>";
		};
		B0EC9FCC1F4E815300237326 /* BLEControllerTests */ = {
			isa = PBXGroup;
			children = (
				B0EC9FCD1F4E815300237326 /* BLEControllerTests.swift */,
				B0EC9FCF1F4E815300237326 /* Info.plist */,
			);
			path = BLEControllerTests;
			sourceTree = "<group>";
		};
		B0EC9FD71F4E815300237326 /* BLEControllerUITests */ = {
			isa = PBXGroup;
			children = (
				B0EC9FD81F4E815300237326 /* BLEControllerUITests.swift */,
				B0EC9FDA1F4E815300237326 /* Info.plist */,
			);
			path = BLEControllerUITests;
			sourceTree = "<group>";
		};
		B0F54DEC1F5D05300068241A /* Controllers */ = {
			isa = PBXGroup;
			children = (
				B0EC9FBA1F4E815300237326 /* ViewController.swift */,
				B03FE7C71F57009E003BD332 /* HomeViewController.swift */,
				B03FE7C91F5700DD003BD332 /* ActivityViewController.swift */,
				B03FE7CB1F5700FE003BD332 /* ProfileViewController.swift */,
			);
			name = Controllers;
			sourceTree = "<group>";
		};
		B0F54DED1F5D054B0068241A /* Views */ = {
			isa = PBXGroup;
			children = (
			);
			name = Views;
			sourceTree = "<group>";
		};
		B33325E248F69F72DAF1C501 /* Pods */ = {
			isa = PBXGroup;
			children = (
				282DDDB9876DF78930200CDA /* Pods-BLEController.debug.xcconfig */,
				507FC46CEB49A3E499409D4E /* Pods-BLEController.release.xcconfig */,
				B03D8D8BE5680E4166DA1188 /* Pods-BLEControllerTests.debug.xcconfig */,
				0EF1E82A78B77BBAAF50898C /* Pods-BLEControllerTests.release.xcconfig */,
				423325CA1D482B90B02DC458 /* Pods-BLEControllerUITests.debug.xcconfig */,
				EF5E74A3D612130D6340A0B1 /* Pods-BLEControllerUITests.release.xcconfig */,
			);
			name = Pods;
			sourceTree = "<group>";
		};
/* End PBXGroup section */

/* Begin PBXNativeTarget section */
		B0EC9FB41F4E815300237326 /* BLEController */ = {
			isa = PBXNativeTarget;
			buildConfigurationList = B0EC9FDD1F4E815300237326 /* Build configuration list for PBXNativeTarget "BLEController" */;
			buildPhases = (
				77F96D4AE1B9701E83D25E1C /* [CP] Check Pods Manifest.lock */,
				B0EC9FB11F4E815300237326 /* Sources */,
				B0EC9FB21F4E815300237326 /* Frameworks */,
				B0EC9FB31F4E815300237326 /* Resources */,
				7C6B34A679344E516D3C0FC1 /* [CP] Embed Pods Frameworks */,
				60FDA20201A8A747F26003D0 /* [CP] Copy Pods Resources */,
			);
			buildRules = (
			);
			dependencies = (
			);
			name = BLEController;
			productName = BLEController;
			productReference = B0EC9FB51F4E815300237326 /* BLEController.app */;
			productType = "com.apple.product-type.application";
		};
		B0EC9FC81F4E815300237326 /* BLEControllerTests */ = {
			isa = PBXNativeTarget;
			buildConfigurationList = B0EC9FE01F4E815300237326 /* Build configuration list for PBXNativeTarget "BLEControllerTests" */;
			buildPhases = (
				FD3ACDD686E4BC21F2456DC4 /* [CP] Check Pods Manifest.lock */,
				B0EC9FC51F4E815300237326 /* Sources */,
				B0EC9FC61F4E815300237326 /* Frameworks */,
				B0EC9FC71F4E815300237326 /* Resources */,
				361082F206387D837C75373E /* [CP] Embed Pods Frameworks */,
				67F6B44593B76E2704C87C02 /* [CP] Copy Pods Resources */,
			);
			buildRules = (
			);
			dependencies = (
				B0EC9FCB1F4E815300237326 /* PBXTargetDependency */,
			);
			name = BLEControllerTests;
			productName = BLEControllerTests;
			productReference = B0EC9FC91F4E815300237326 /* BLEControllerTests.xctest */;
			productType = "com.apple.product-type.bundle.unit-test";
		};
		B0EC9FD31F4E815300237326 /* BLEControllerUITests */ = {
			isa = PBXNativeTarget;
			buildConfigurationList = B0EC9FE31F4E815300237326 /* Build configuration list for PBXNativeTarget "BLEControllerUITests" */;
			buildPhases = (
				D1563278B1631E7BF4336D0C /* [CP] Check Pods Manifest.lock */,
				B0EC9FD01F4E815300237326 /* Sources */,
				B0EC9FD11F4E815300237326 /* Frameworks */,
				B0EC9FD21F4E815300237326 /* Resources */,
				E6AE9A388CF92FEAF8FF312B /* [CP] Embed Pods Frameworks */,
				44D5DFC388D03DCA24C88C98 /* [CP] Copy Pods Resources */,
			);
			buildRules = (
			);
			dependencies = (
				B0EC9FD61F4E815300237326 /* PBXTargetDependency */,
			);
			name = BLEControllerUITests;
			productName = BLEControllerUITests;
			productReference = B0EC9FD41F4E815300237326 /* BLEControllerUITests.xctest */;
			productType = "com.apple.product-type.bundle.ui-testing";
		};
/* End PBXNativeTarget section */

/* Begin PBXProject section */
		B0EC9FAD1F4E815300237326 /* Project object */ = {
			isa = PBXProject;
			attributes = {
				LastSwiftUpdateCheck = 0830;
				LastUpgradeCheck = 0830;
				ORGANIZATIONNAME = kimiboo;
				TargetAttributes = {
					B0EC9FB41F4E815300237326 = {
						CreatedOnToolsVersion = 8.3.3;
						DevelopmentTeam = Q93Q9LL75W;
						ProvisioningStyle = Automatic;
					};
					B0EC9FC81F4E815300237326 = {
						CreatedOnToolsVersion = 8.3.3;
						DevelopmentTeam = Q93Q9LL75W;
						ProvisioningStyle = Automatic;
						TestTargetID = B0EC9FB41F4E815300237326;
					};
					B0EC9FD31F4E815300237326 = {
						CreatedOnToolsVersion = 8.3.3;
						DevelopmentTeam = Q93Q9LL75W;
						ProvisioningStyle = Automatic;
						TestTargetID = B0EC9FB41F4E815300237326;
					};
				};
			};
			buildConfigurationList = B0EC9FB01F4E815300237326 /* Build configuration list for PBXProject "BLEController" */;
			compatibilityVersion = "Xcode 3.2";
			developmentRegion = English;
			hasScannedForEncodings = 0;
			knownRegions = (
				en,
				Base,
			);
			mainGroup = B0EC9FAC1F4E815300237326;
			productRefGroup = B0EC9FB61F4E815300237326 /* Products */;
			projectDirPath = "";
			projectRoot = "";
			targets = (
				B0EC9FB41F4E815300237326 /* BLEController */,
				B0EC9FC81F4E815300237326 /* BLEControllerTests */,
				B0EC9FD31F4E815300237326 /* BLEControllerUITests */,
			);
		};
/* End PBXProject section */

/* Begin PBXResourcesBuildPhase section */
		B0EC9FB31F4E815300237326 /* Resources */ = {
			isa = PBXResourcesBuildPhase;
			buildActionMask = 2147483647;
			files = (
				B03FE7C61F56F4C0003BD332 /* test_Main_ipad.storyboard in Resources */,
				B0EC9FC31F4E815300237326 /* LaunchScreen.storyboard in Resources */,
				B0EC9FC01F4E815300237326 /* Assets.xcassets in Resources */,
				B0F54DEB1F5D029E0068241A /* Main.storyboard in Resources */,
				B0EC9FBE1F4E815300237326 /* Main.storyboard_ in Resources */,
				B004D0381F5C4189007BBBDE /* test.storyboard_ in Resources */,
				B03FE7C41F56F194003BD332 /* Main.storyboard_ in Resources */,
				B0246BFF1F5CC68C0083BED9 /* test.storyboard__ in Resources */,
			);
			runOnlyForDeploymentPostprocessing = 0;
		};
		B0EC9FC71F4E815300237326 /* Resources */ = {
			isa = PBXResourcesBuildPhase;
			buildActionMask = 2147483647;
			files = (
			);
			runOnlyForDeploymentPostprocessing = 0;
		};
		B0EC9FD21F4E815300237326 /* Resources */ = {
			isa = PBXResourcesBuildPhase;
			buildActionMask = 2147483647;
			files = (
			);
			runOnlyForDeploymentPostprocessing = 0;
		};
/* End PBXResourcesBuildPhase section */

/* Begin PBXShellScriptBuildPhase section */
		361082F206387D837C75373E /* [CP] Embed Pods Frameworks */ = {
			isa = PBXShellScriptBuildPhase;
			buildActionMask = 2147483647;
			files = (
			);
			inputPaths = (
			);
			name = "[CP] Embed Pods Frameworks";
			outputPaths = (
			);
			runOnlyForDeploymentPostprocessing = 0;
			shellPath = /bin/sh;
			shellScript = "\"${SRCROOT}/Pods/Target Support Files/Pods-BLEControllerTests/Pods-BLEControllerTests-frameworks.sh\"\n";
			showEnvVarsInLog = 0;
		};
		44D5DFC388D03DCA24C88C98 /* [CP] Copy Pods Resources */ = {
			isa = PBXShellScriptBuildPhase;
			buildActionMask = 2147483647;
			files = (
			);
			inputPaths = (
			);
			name = "[CP] Copy Pods Resources";
			outputPaths = (
			);
			runOnlyForDeploymentPostprocessing = 0;
			shellPath = /bin/sh;
			shellScript = "\"${SRCROOT}/Pods/Target Support Files/Pods-BLEControllerUITests/Pods-BLEControllerUITests-resources.sh\"\n";
			showEnvVarsInLog = 0;
		};
		60FDA20201A8A747F26003D0 /* [CP] Copy Pods Resources */ = {
			isa = PBXShellScriptBuildPhase;
			buildActionMask = 2147483647;
			files = (
			);
			inputPaths = (
			);
			name = "[CP] Copy Pods Resources";
			outputPaths = (
			);
			runOnlyForDeploymentPostprocessing = 0;
			shellPath = /bin/sh;
			shellScript = "\"${SRCROOT}/Pods/Target Support Files/Pods-BLEController/Pods-BLEController-resources.sh\"\n";
			showEnvVarsInLog = 0;
		};
		67F6B44593B76E2704C87C02 /* [CP] Copy Pods Resources */ = {
			isa = PBXShellScriptBuildPhase;
			buildActionMask = 2147483647;
			files = (
			);
			inputPaths = (
			);
			name = "[CP] Copy Pods Resources";
			outputPaths = (
			);
			runOnlyForDeploymentPostprocessing = 0;
			shellPath = /bin/sh;
			shellScript = "\"${SRCROOT}/Pods/Target Support Files/Pods-BLEControllerTests/Pods-BLEControllerTests-resources.sh\"\n";
			showEnvVarsInLog = 0;
		};
		77F96D4AE1B9701E83D25E1C /* [CP] Check Pods Manifest.lock */ = {
			isa = PBXShellScriptBuildPhase;
			buildActionMask = 2147483647;
			files = (
			);
			inputPaths = (
				"${PODS_PODFILE_DIR_PATH}/Podfile.lock",
				"${PODS_ROOT}/Manifest.lock",
			);
			name = "[CP] Check Pods Manifest.lock";
			outputPaths = (
				"$(DERIVED_FILE_DIR)/Pods-BLEController-checkManifestLockResult.txt",
			);
			runOnlyForDeploymentPostprocessing = 0;
			shellPath = /bin/sh;
			shellScript = "diff \"${PODS_PODFILE_DIR_PATH}/Podfile.lock\" \"${PODS_ROOT}/Manifest.lock\" > /dev/null\nif [ $? != 0 ] ; then\n    # print error to STDERR\n    echo \"error: The sandbox is not in sync with the Podfile.lock. Run 'pod install' or update your CocoaPods installation.\" >&2\n    exit 1\nfi\n# This output is used by Xcode 'outputs' to avoid re-running this script phase.\necho \"SUCCESS\" > \"${SCRIPT_OUTPUT_FILE_0}\"\n";
			showEnvVarsInLog = 0;
		};
		7C6B34A679344E516D3C0FC1 /* [CP] Embed Pods Frameworks */ = {
			isa = PBXShellScriptBuildPhase;
			buildActionMask = 2147483647;
			files = (
			);
			inputPaths = (
				"${SRCROOT}/Pods/Target Support Files/Pods-BLEController/Pods-BLEController-frameworks.sh",
				"${BUILT_PRODUCTS_DIR}/UICircularProgressRing/UICircularProgressRing.framework",
			);
			name = "[CP] Embed Pods Frameworks";
			outputPaths = (
				"${TARGET_BUILD_DIR}/${FRAMEWORKS_FOLDER_PATH}/UICircularProgressRing.framework",
			);
			runOnlyForDeploymentPostprocessing = 0;
			shellPath = /bin/sh;
			shellScript = "\"${SRCROOT}/Pods/Target Support Files/Pods-BLEController/Pods-BLEController-frameworks.sh\"\n";
			showEnvVarsInLog = 0;
		};
		D1563278B1631E7BF4336D0C /* [CP] Check Pods Manifest.lock */ = {
			isa = PBXShellScriptBuildPhase;
			buildActionMask = 2147483647;
			files = (
			);
			inputPaths = (
				"${PODS_PODFILE_DIR_PATH}/Podfile.lock",
				"${PODS_ROOT}/Manifest.lock",
			);
			name = "[CP] Check Pods Manifest.lock";
			outputPaths = (
				"$(DERIVED_FILE_DIR)/Pods-BLEControllerUITests-checkManifestLockResult.txt",
			);
			runOnlyForDeploymentPostprocessing = 0;
			shellPath = /bin/sh;
			shellScript = "diff \"${PODS_PODFILE_DIR_PATH}/Podfile.lock\" \"${PODS_ROOT}/Manifest.lock\" > /dev/null\nif [ $? != 0 ] ; then\n    # print error to STDERR\n    echo \"error: The sandbox is not in sync with the Podfile.lock. Run 'pod install' or update your CocoaPods installation.\" >&2\n    exit 1\nfi\n# This output is used by Xcode 'outputs' to avoid re-running this script phase.\necho \"SUCCESS\" > \"${SCRIPT_OUTPUT_FILE_0}\"\n";
			showEnvVarsInLog = 0;
		};
		E6AE9A388CF92FEAF8FF312B /* [CP] Embed Pods Frameworks */ = {
			isa = PBXShellScriptBuildPhase;
			buildActionMask = 2147483647;
			files = (
			);
			inputPaths = (
			);
			name = "[CP] Embed Pods Frameworks";
			outputPaths = (
			);
			runOnlyForDeploymentPostprocessing = 0;
			shellPath = /bin/sh;
			shellScript = "\"${SRCROOT}/Pods/Target Support Files/Pods-BLEControllerUITests/Pods-BLEControllerUITests-frameworks.sh\"\n";
			showEnvVarsInLog = 0;
		};
		FD3ACDD686E4BC21F2456DC4 /* [CP] Check Pods Manifest.lock */ = {
			isa = PBXShellScriptBuildPhase;
			buildActionMask = 2147483647;
			files = (
			);
			inputPaths = (
				"${PODS_PODFILE_DIR_PATH}/Podfile.lock",
				"${PODS_ROOT}/Manifest.lock",
			);
			name = "[CP] Check Pods Manifest.lock";
			outputPaths = (
				"$(DERIVED_FILE_DIR)/Pods-BLEControllerTests-checkManifestLockResult.txt",
			);
			runOnlyForDeploymentPostprocessing = 0;
			shellPath = /bin/sh;
			shellScript = "diff \"${PODS_PODFILE_DIR_PATH}/Podfile.lock\" \"${PODS_ROOT}/Manifest.lock\" > /dev/null\nif [ $? != 0 ] ; then\n    # print error to STDERR\n    echo \"error: The sandbox is not in sync with the Podfile.lock. Run 'pod install' or update your CocoaPods installation.\" >&2\n    exit 1\nfi\n# This output is used by Xcode 'outputs' to avoid re-running this script phase.\necho \"SUCCESS\" > \"${SCRIPT_OUTPUT_FILE_0}\"\n";
			showEnvVarsInLog = 0;
		};
/* End PBXShellScriptBuildPhase section */

/* Begin PBXSourcesBuildPhase section */
		B0EC9FB11F4E815300237326 /* Sources */ = {
			isa = PBXSourcesBuildPhase;
			buildActionMask = 2147483647;
			files = (
				B004D0321F5C2E9F007BBBDE /* TestViewController.swift in Sources */,
				B03FE7C81F57009E003BD332 /* HomeViewController.swift in Sources */,
				B03FE7CA1F5700DD003BD332 /* ActivityViewController.swift in Sources */,
				B0E0E1F41F579D7800D24996 /* Activity.xcdatamodeld in Sources */,
				B0B4628B1F584E0300776554 /* Ultilities.swift in Sources */,
				B0EC9FBB1F4E815300237326 /* ViewController.swift in Sources */,
				B0EC9FB91F4E815300237326 /* AppDelegate.swift in Sources */,
				B0B462871F584DAB00776554 /* BatteryInfo.swift in Sources */,
				B0B462831F5845AD00776554 /* StepsInfo.swift in Sources */,
				B03FE7CC1F5700FE003BD332 /* ProfileViewController.swift in Sources */,
				B03FE7C01F5340FC003BD332 /* String+HexConverter.swift in Sources */,
				B03FE7C21F534275003BD332 /* Data+HexJoin.swift in Sources */,
				B0B462891F584DDA00776554 /* HeartRate.swift in Sources */,
				B0B462851F5845DF00776554 /* DeviceInfo.swift in Sources */,
			);
			runOnlyForDeploymentPostprocessing = 0;
		};
		B0EC9FC51F4E815300237326 /* Sources */ = {
			isa = PBXSourcesBuildPhase;
			buildActionMask = 2147483647;
			files = (
				B0EC9FCE1F4E815300237326 /* BLEControllerTests.swift in Sources */,
			);
			runOnlyForDeploymentPostprocessing = 0;
		};
		B0EC9FD01F4E815300237326 /* Sources */ = {
			isa = PBXSourcesBuildPhase;
			buildActionMask = 2147483647;
			files = (
				B0EC9FD91F4E815300237326 /* BLEControllerUITests.swift in Sources */,
			);
			runOnlyForDeploymentPostprocessing = 0;
		};
/* End PBXSourcesBuildPhase section */

/* Begin PBXTargetDependency section */
		B0EC9FCB1F4E815300237326 /* PBXTargetDependency */ = {
			isa = PBXTargetDependency;
			target = B0EC9FB41F4E815300237326 /* BLEController */;
			targetProxy = B0EC9FCA1F4E815300237326 /* PBXContainerItemProxy */;
		};
		B0EC9FD61F4E815300237326 /* PBXTargetDependency */ = {
			isa = PBXTargetDependency;
			target = B0EC9FB41F4E815300237326 /* BLEController */;
			targetProxy = B0EC9FD51F4E815300237326 /* PBXContainerItemProxy */;
		};
/* End PBXTargetDependency section */

/* Begin PBXVariantGroup section */
		B0EC9FBC1F4E815300237326 /* Main.storyboard_ */ = {
			isa = PBXVariantGroup;
			children = (
				B0EC9FBD1F4E815300237326 /* Base */,
			);
			name = Main.storyboard_;
			sourceTree = "<group>";
		};
		B0EC9FC11F4E815300237326 /* LaunchScreen.storyboard */ = {
			isa = PBXVariantGroup;
			children = (
				B0EC9FC21F4E815300237326 /* Base */,
			);
			name = LaunchScreen.storyboard;
			sourceTree = "<group>";
		};
/* End PBXVariantGroup section */

/* Begin XCBuildConfiguration section */
		B0EC9FDB1F4E815300237326 /* Debug */ = {
			isa = XCBuildConfiguration;
			buildSettings = {
				ALWAYS_SEARCH_USER_PATHS = NO;
				CLANG_ANALYZER_NONNULL = YES;
				CLANG_ANALYZER_NUMBER_OBJECT_CONVERSION = YES_AGGRESSIVE;
				CLANG_CXX_LANGUAGE_STANDARD = "gnu++0x";
				CLANG_CXX_LIBRARY = "libc++";
				CLANG_ENABLE_MODULES = YES;
				CLANG_ENABLE_OBJC_ARC = YES;
				CLANG_WARN_BOOL_CONVERSION = YES;
				CLANG_WARN_CONSTANT_CONVERSION = YES;
				CLANG_WARN_DIRECT_OBJC_ISA_USAGE = YES_ERROR;
				CLANG_WARN_DOCUMENTATION_COMMENTS = YES;
				CLANG_WARN_EMPTY_BODY = YES;
				CLANG_WARN_ENUM_CONVERSION = YES;
				CLANG_WARN_INFINITE_RECURSION = YES;
				CLANG_WARN_INT_CONVERSION = YES;
				CLANG_WARN_OBJC_ROOT_CLASS = YES_ERROR;
				CLANG_WARN_SUSPICIOUS_MOVE = YES;
				CLANG_WARN_UNREACHABLE_CODE = YES;
				CLANG_WARN__DUPLICATE_METHOD_MATCH = YES;
				"CODE_SIGN_IDENTITY[sdk=iphoneos*]" = "iPhone Developer";
				COPY_PHASE_STRIP = NO;
				DEBUG_INFORMATION_FORMAT = dwarf;
				ENABLE_STRICT_OBJC_MSGSEND = YES;
				ENABLE_TESTABILITY = YES;
				GCC_C_LANGUAGE_STANDARD = gnu99;
				GCC_DYNAMIC_NO_PIC = NO;
				GCC_NO_COMMON_BLOCKS = YES;
				GCC_OPTIMIZATION_LEVEL = 0;
				GCC_PREPROCESSOR_DEFINITIONS = (
					"DEBUG=1",
					"$(inherited)",
				);
				GCC_WARN_64_TO_32_BIT_CONVERSION = YES;
				GCC_WARN_ABOUT_RETURN_TYPE = YES_ERROR;
				GCC_WARN_UNDECLARED_SELECTOR = YES;
				GCC_WARN_UNINITIALIZED_AUTOS = YES_AGGRESSIVE;
				GCC_WARN_UNUSED_FUNCTION = YES;
				GCC_WARN_UNUSED_VARIABLE = YES;
				IPHONEOS_DEPLOYMENT_TARGET = 10.3;
				MTL_ENABLE_DEBUG_INFO = YES;
				ONLY_ACTIVE_ARCH = YES;
				SDKROOT = iphoneos;
				SWIFT_ACTIVE_COMPILATION_CONDITIONS = DEBUG;
				SWIFT_OPTIMIZATION_LEVEL = "-Onone";
				TARGETED_DEVICE_FAMILY = "1,2";
			};
			name = Debug;
		};
		B0EC9FDC1F4E815300237326 /* Release */ = {
			isa = XCBuildConfiguration;
			buildSettings = {
				ALWAYS_SEARCH_USER_PATHS = NO;
				CLANG_ANALYZER_NONNULL = YES;
				CLANG_ANALYZER_NUMBER_OBJECT_CONVERSION = YES_AGGRESSIVE;
				CLANG_CXX_LANGUAGE_STANDARD = "gnu++0x";
				CLANG_CXX_LIBRARY = "libc++";
				CLANG_ENABLE_MODULES = YES;
				CLANG_ENABLE_OBJC_ARC = YES;
				CLANG_WARN_BOOL_CONVERSION = YES;
				CLANG_WARN_CONSTANT_CONVERSION = YES;
				CLANG_WARN_DIRECT_OBJC_ISA_USAGE = YES_ERROR;
				CLANG_WARN_DOCUMENTATION_COMMENTS = YES;
				CLANG_WARN_EMPTY_BODY = YES;
				CLANG_WARN_ENUM_CONVERSION = YES;
				CLANG_WARN_INFINITE_RECURSION = YES;
				CLANG_WARN_INT_CONVERSION = YES;
				CLANG_WARN_OBJC_ROOT_CLASS = YES_ERROR;
				CLANG_WARN_SUSPICIOUS_MOVE = YES;
				CLANG_WARN_UNREACHABLE_CODE = YES;
				CLANG_WARN__DUPLICATE_METHOD_MATCH = YES;
				"CODE_SIGN_IDENTITY[sdk=iphoneos*]" = "iPhone Developer";
				COPY_PHASE_STRIP = NO;
				DEBUG_INFORMATION_FORMAT = "dwarf-with-dsym";
				ENABLE_NS_ASSERTIONS = NO;
				ENABLE_STRICT_OBJC_MSGSEND = YES;
				GCC_C_LANGUAGE_STANDARD = gnu99;
				GCC_NO_COMMON_BLOCKS = YES;
				GCC_WARN_64_TO_32_BIT_CONVERSION = YES;
				GCC_WARN_ABOUT_RETURN_TYPE = YES_ERROR;
				GCC_WARN_UNDECLARED_SELECTOR = YES;
				GCC_WARN_UNINITIALIZED_AUTOS = YES_AGGRESSIVE;
				GCC_WARN_UNUSED_FUNCTION = YES;
				GCC_WARN_UNUSED_VARIABLE = YES;
				IPHONEOS_DEPLOYMENT_TARGET = 10.3;
				MTL_ENABLE_DEBUG_INFO = NO;
				SDKROOT = iphoneos;
				SWIFT_OPTIMIZATION_LEVEL = "-Owholemodule";
				TARGETED_DEVICE_FAMILY = "1,2";
				VALIDATE_PRODUCT = YES;
			};
			name = Release;
		};
		B0EC9FDE1F4E815300237326 /* Debug */ = {
			isa = XCBuildConfiguration;
			baseConfigurationReference = 282DDDB9876DF78930200CDA /* Pods-BLEController.debug.xcconfig */;
			buildSettings = {
				ASSETCATALOG_COMPILER_APPICON_NAME = AppIcon;
				DEVELOPMENT_TEAM = Q93Q9LL75W;
				INFOPLIST_FILE = BLEController/Info.plist;
				LD_RUNPATH_SEARCH_PATHS = "$(inherited) @executable_path/Frameworks";
				PRODUCT_BUNDLE_IDENTIFIER = dev.BLEController;
				PRODUCT_NAME = "$(TARGET_NAME)";
				SWIFT_VERSION = 3.0;
			};
			name = Debug;
		};
		B0EC9FDF1F4E815300237326 /* Release */ = {
			isa = XCBuildConfiguration;
			baseConfigurationReference = 507FC46CEB49A3E499409D4E /* Pods-BLEController.release.xcconfig */;
			buildSettings = {
				ASSETCATALOG_COMPILER_APPICON_NAME = AppIcon;
				DEVELOPMENT_TEAM = Q93Q9LL75W;
				INFOPLIST_FILE = BLEController/Info.plist;
				LD_RUNPATH_SEARCH_PATHS = "$(inherited) @executable_path/Frameworks";
				PRODUCT_BUNDLE_IDENTIFIER = dev.BLEController;
				PRODUCT_NAME = "$(TARGET_NAME)";
				SWIFT_VERSION = 3.0;
			};
			name = Release;
		};
		B0EC9FE11F4E815300237326 /* Debug */ = {
			isa = XCBuildConfiguration;
			baseConfigurationReference = B03D8D8BE5680E4166DA1188 /* Pods-BLEControllerTests.debug.xcconfig */;
			buildSettings = {
				ALWAYS_EMBED_SWIFT_STANDARD_LIBRARIES = YES;
				BUNDLE_LOADER = "$(TEST_HOST)";
				DEVELOPMENT_TEAM = Q93Q9LL75W;
				INFOPLIST_FILE = BLEControllerTests/Info.plist;
				LD_RUNPATH_SEARCH_PATHS = "$(inherited) @executable_path/Frameworks @loader_path/Frameworks";
				PRODUCT_BUNDLE_IDENTIFIER = dev.BLEController.BLEControllerTests;
				PRODUCT_NAME = "$(TARGET_NAME)";
				SWIFT_VERSION = 3.0;
				TEST_HOST = "$(BUILT_PRODUCTS_DIR)/BLEController.app/BLEController";
			};
			name = Debug;
		};
		B0EC9FE21F4E815300237326 /* Release */ = {
			isa = XCBuildConfiguration;
			baseConfigurationReference = 0EF1E82A78B77BBAAF50898C /* Pods-BLEControllerTests.release.xcconfig */;
			buildSettings = {
				ALWAYS_EMBED_SWIFT_STANDARD_LIBRARIES = YES;
				BUNDLE_LOADER = "$(TEST_HOST)";
				DEVELOPMENT_TEAM = Q93Q9LL75W;
				INFOPLIST_FILE = BLEControllerTests/Info.plist;
				LD_RUNPATH_SEARCH_PATHS = "$(inherited) @executable_path/Frameworks @loader_path/Frameworks";
				PRODUCT_BUNDLE_IDENTIFIER = dev.BLEController.BLEControllerTests;
				PRODUCT_NAME = "$(TARGET_NAME)";
				SWIFT_VERSION = 3.0;
				TEST_HOST = "$(BUILT_PRODUCTS_DIR)/BLEController.app/BLEController";
			};
			name = Release;
		};
		B0EC9FE41F4E815300237326 /* Debug */ = {
			isa = XCBuildConfiguration;
			baseConfigurationReference = 423325CA1D482B90B02DC458 /* Pods-BLEControllerUITests.debug.xcconfig */;
			buildSettings = {
				ALWAYS_EMBED_SWIFT_STANDARD_LIBRARIES = YES;
				DEVELOPMENT_TEAM = Q93Q9LL75W;
				INFOPLIST_FILE = BLEControllerUITests/Info.plist;
				LD_RUNPATH_SEARCH_PATHS = "$(inherited) @executable_path/Frameworks @loader_path/Frameworks";
				PRODUCT_BUNDLE_IDENTIFIER = dev.BLEController.BLEControllerUITests;
				PRODUCT_NAME = "$(TARGET_NAME)";
				SWIFT_VERSION = 3.0;
				TEST_TARGET_NAME = BLEController;
			};
			name = Debug;
		};
		B0EC9FE51F4E815300237326 /* Release */ = {
			isa = XCBuildConfiguration;
			baseConfigurationReference = EF5E74A3D612130D6340A0B1 /* Pods-BLEControllerUITests.release.xcconfig */;
			buildSettings = {
				ALWAYS_EMBED_SWIFT_STANDARD_LIBRARIES = YES;
				DEVELOPMENT_TEAM = Q93Q9LL75W;
				INFOPLIST_FILE = BLEControllerUITests/Info.plist;
				LD_RUNPATH_SEARCH_PATHS = "$(inherited) @executable_path/Frameworks @loader_path/Frameworks";
				PRODUCT_BUNDLE_IDENTIFIER = dev.BLEController.BLEControllerUITests;
				PRODUCT_NAME = "$(TARGET_NAME)";
				SWIFT_VERSION = 3.0;
				TEST_TARGET_NAME = BLEController;
			};
			name = Release;
		};
/* End XCBuildConfiguration section */

/* Begin XCConfigurationList section */
		B0EC9FB01F4E815300237326 /* Build configuration list for PBXProject "BLEController" */ = {
			isa = XCConfigurationList;
			buildConfigurations = (
				B0EC9FDB1F4E815300237326 /* Debug */,
				B0EC9FDC1F4E815300237326 /* Release */,
			);
			defaultConfigurationIsVisible = 0;
			defaultConfigurationName = Release;
		};
		B0EC9FDD1F4E815300237326 /* Build configuration list for PBXNativeTarget "BLEController" */ = {
			isa = XCConfigurationList;
			buildConfigurations = (
				B0EC9FDE1F4E815300237326 /* Debug */,
				B0EC9FDF1F4E815300237326 /* Release */,
			);
			defaultConfigurationIsVisible = 0;
			defaultConfigurationName = Release;
		};
		B0EC9FE01F4E815300237326 /* Build configuration list for PBXNativeTarget "BLEControllerTests" */ = {
			isa = XCConfigurationList;
			buildConfigurations = (
				B0EC9FE11F4E815300237326 /* Debug */,
				B0EC9FE21F4E815300237326 /* Release */,
			);
			defaultConfigurationIsVisible = 0;
			defaultConfigurationName = Release;
		};
		B0EC9FE31F4E815300237326 /* Build configuration list for PBXNativeTarget "BLEControllerUITests" */ = {
			isa = XCConfigurationList;
			buildConfigurations = (
				B0EC9FE41F4E815300237326 /* Debug */,
				B0EC9FE51F4E815300237326 /* Release */,
			);
			defaultConfigurationIsVisible = 0;
			defaultConfigurationName = Release;
		};
/* End XCConfigurationList section */

/* Begin XCVersionGroup section */
		B0E0E1F21F579D7800D24996 /* Activity.xcdatamodeld */ = {
			isa = XCVersionGroup;
			children = (
				B0E0E1F31F579D7800D24996 /* Activity.xcdatamodel */,
			);
			currentVersion = B0E0E1F31F579D7800D24996 /* Activity.xcdatamodel */;
			path = Activity.xcdatamodeld;
			sourceTree = "<group>";
			versionGroupType = wrapper.xcdatamodel;
		};
/* End XCVersionGroup section */
	};
	rootObject = B0EC9FAD1F4E815300237326 /* Project object */;
}
